{
  "version": 4,
  "terraform_version": "1.5.0",
  "serial": 3,
  "lineage": "abc-123",
  "resources": [
    {
      "mode": "managed",
      "type": "aws_instance",
      "name": "web",
      "provider": "provider[\"registry.terraform.io/hashicorp/aws\"]",
      "instances": [
        {
          "attributes": {
            "id": "i-0abc123",
            "ami": "ami-12345",
            "instance_type": "t2.micro",
            "subnet_id": "subnet-abc",
            "private_ip": "10.0.0.10",
            "tags": {"Name": "web", "env": "prod"}
          }
        }
      ]
    },
    {
      "mode": "managed",
      "type": "aws_s3_bucket",
      "name": "data",
      "provider": "provider[\"registry.terraform.io/hashicorp/aws\"]",
      "instances": [
        {
          "attributes": {
            "id": "my-data-bucket",
            "tags": {"owner": "team-a"}
          }
        }
      ]
    },
    {
      "mode": "data",
      "type": "aws_ami",
      "name": "ubuntu",
      "provider": "provider[\"registry.terraform.io/hashicorp/aws\"]",
      "instances": [
        {"attributes": {"id": "ami-999"}}
      ]
    }
  ]
}
